# THIS IS AN AUTOGENERATED FILE. DO NOT EDIT THIS FILE DIRECTLY.
# yarn lockfile v1


"@gi-types/atk@^2.36.5":
  version "2.36.7"
  resolved "https://registry.yarnpkg.com/@gi-types/atk/-/atk-2.36.7.tgz#19cd94cc1f62b4e3bbaa5c27b032cffa21a92eda"
  integrity sha512-PWR/EqgBgqehMfDr48fqvy77yGEKLwtqN0qKnKOtWqDm65LbImoAFydlMx5CUeyE/ZNcGDhQGLimQ0Rk6kVivw==
  dependencies:
    "@gi-types/glib" "^2.66.9"
    "@gi-types/gobject" "^2.66.8"

"@gi-types/cairo@^1.0.3":
  version "1.0.3"
  resolved "https://registry.yarnpkg.com/@gi-types/cairo/-/cairo-1.0.3.tgz#be2b391584683c53fb423581db8b8e584c7f05e5"
  integrity sha512-IT4JbSYgMj2aJbx7Yy8nzHgga2vX5i5OHR2+vXKc9vg/wrnExHiSbacWbxO7CZdk6YBqpH/7cjOa4bkTmBN8tg==
  dependencies:
    "@gi-types/gobject" "^2.66.8"

"@gi-types/gdk@^3.24.4":
  version "3.24.7"
  resolved "https://registry.yarnpkg.com/@gi-types/gdk/-/gdk-3.24.7.tgz#ec63b25e455f40838afed1239a9ea9ee47a962fe"
  integrity sha512-t50PlPeiqeNNQvXcKuso7/aiy1zm2zNtDgXZgcmtCfjk2u9m4m5gC4/kePzfYtSBqo15FZdv747ESRLC0zNk6Q==
  dependencies:
    "@gi-types/cairo" "^1.0.3"
    "@gi-types/gdkpixbuf" "^2.0.5"
    "@gi-types/gio" "^2.66.9"
    "@gi-types/glib" "^2.66.9"
    "@gi-types/gobject" "^2.66.8"
    "@gi-types/pango" "^1.0.5"

"@gi-types/gdkpixbuf@^2.0.5":
  version "2.0.5"
  resolved "https://registry.yarnpkg.com/@gi-types/gdkpixbuf/-/gdkpixbuf-2.0.5.tgz#4b8afb698e09c2810d836f7713eaf9086efdc27b"
  integrity sha512-bLw6CFCbM0SNi30vkbupoVxE7T5hz+V6DQHLa1Sh0yYwm8OTQ8jYofZNTabfjBiTR3Z4dxtN65DkIpJoD+9fuQ==
  dependencies:
    "@gi-types/gio" "^2.66.9"
    "@gi-types/glib" "^2.66.9"
    "@gi-types/gobject" "^2.66.8"

"@gi-types/gio@^2.66.5", "@gi-types/gio@^2.66.9":
  version "2.66.9"
  resolved "https://registry.yarnpkg.com/@gi-types/gio/-/gio-2.66.9.tgz#7a375e5bc55c6b38094b5e51609792e26bb34410"
  integrity sha512-hRqJqQSQ4jLjUSiS7XZ7pXvIdu/+ZuFvIGPqrLFXyYa+aTenHiYg/EaLR3iPbAzkvpyBLRZk7Pmgs0quoK+Vtg==
  dependencies:
    "@gi-types/glib" "^2.66.9"
    "@gi-types/gobject" "^2.66.8"

"@gi-types/glib@^2.66.9":
  version "2.66.9"
  resolved "https://registry.yarnpkg.com/@gi-types/glib/-/glib-2.66.9.tgz#0b29f905111458204628df4659d80d20434025ca"
  integrity sha512-MdgHy1EalDC1WbpbARI7iyLx/M+EGsOnQNx418Sq5HBZF1Ap20Ii4JpN82J+51vcO+cnjFNrU3EiwJ1YV814Rw==
  dependencies:
    "@gi-types/gobject" "^2.66.8"

"@gi-types/gobject@^2.66.5", "@gi-types/gobject@^2.66.8":
  version "2.66.8"
  resolved "https://registry.yarnpkg.com/@gi-types/gobject/-/gobject-2.66.8.tgz#6ee4441c08a93432261fd3901f87ae5aad1132c0"
  integrity sha512-iWxLPZgWBv0H5X74PYoDUhiTgZEd955Zs1zy09JGJKkW6/FqnrRVW1sC2Ojm9RWteTbmv1pjvr8baJ69f/mX4Q==
  dependencies:
    "@gi-types/glib" "^2.66.9"

"@gi-types/gtk@3.24.5":
  version "3.24.5"
  resolved "https://registry.yarnpkg.com/@gi-types/gtk/-/gtk-3.24.5.tgz#bc5f106ea89ebada27dc92be7193fb9f7bf3046d"
  integrity sha512-w2Dj6AxYtcXGIHPpmGfAMYj7vV7O0T/OO23kCcVRSyE4TsdWmq7tEnHuvZr3Zzwx0x74N+H4OXz0EJiAwTxTHQ==
  dependencies:
    "@gi-types/atk" "^2.36.5"
    "@gi-types/gdk" "^3.24.4"
    "@gi-types/gio" "^2.66.5"
    "@gi-types/gobject" "^2.66.5"

"@gi-types/harfbuzz@^0.0.0":
  version "0.0.0"
  resolved "https://registry.yarnpkg.com/@gi-types/harfbuzz/-/harfbuzz-0.0.0.tgz#97a1d0ed916e3767cd76a893a5018c2479bec004"
  integrity sha512-pqhpLBN5aYl2P6yOPo0HCZTLmcTDiynGkEgfEq1yPwY0qhJpuEJYmaVUzwb7RrQrt7absVZP7ClhhO8TYiporw==
  dependencies:
    "@gi-types/glib" "^2.66.9"
    "@gi-types/gobject" "^2.66.8"

"@gi-types/pango@^1.0.5":
  version "1.0.5"
  resolved "https://registry.yarnpkg.com/@gi-types/pango/-/pango-1.0.5.tgz#27af9dfc0487a8aab64db8bb6fdfac357a5271e5"
  integrity sha512-FcDRuMaiYwczKcxE11ZErlOCcbBQX69d/u2hKFkhpZxQrZk0fBNTGLbwJ/7QwAoQw4RsrCzYSOZ4TX0phLPQQw==
  dependencies:
    "@gi-types/cairo" "^1.0.3"
    "@gi-types/glib" "^2.66.9"
    "@gi-types/gobject" "^2.66.8"
    "@gi-types/harfbuzz" "^0.0.0"

fsevents@~2.1.2:
  version "2.1.3"
  resolved "https://registry.yarnpkg.com/fsevents/-/fsevents-2.1.3.tgz#fb738703ae8d2f9fe900c33836ddebee8b97f23e"
  integrity sha512-Auw9a4AxqWpa9GUfj370BMPzzyncfBABW8Mab7BGWBYDj4Isgq+cDKtx0i6u9jcX9pQDnswsaaOTgTmA5pEjuQ==

rollup@^2.38.0:
  version "2.38.0"
  resolved "https://registry.yarnpkg.com/rollup/-/rollup-2.38.0.tgz#57942d5a10826cb12ed1f19c261f774efa502d2d"
  integrity sha512-ay9zDiNitZK/LNE/EM2+v5CZ7drkB2xyDljvb1fQJCGnq43ZWRkhxN145oV8GmoW1YNi4sA/1Jdkr2LfawJoXw==
  optionalDependencies:
    fsevents "~2.1.2"

typescript@^4.1.3:
  version "4.1.3"
  resolved "https://registry.yarnpkg.com/typescript/-/typescript-4.1.3.tgz#519d582bd94cba0cf8934c7d8e8467e473f53bb7"
  integrity sha512-B3ZIOf1IKeH2ixgHhj6la6xdwR9QrLC5d1VKeCSY4tvkqhF2eqd9O7txNlS0PO3GrBAFIdr3L1ndNwteUbZLYg==
